
Microsoft Visual Studio Solution File, Format Version 12.00
# Visual Studio Version 17
VisualStudioVersion = 17.13.35931.197
MinimumVisualStudioVersion = 10.0.40219.1
Project("{FAE04EC0-301F-11D3-BF4B-00C04F79EFBC}") = "HomeWork.Tasks", "HomeWork.Tasks\HomeWork.Tasks.csproj", "{4495BAD7-AE49-4A9A-AE8C-5CB19C28B563}"
EndProject
Project("{FAE04EC0-301F-11D3-BF4B-00C04F79EFBC}") = "HomeWork.Multithread", "HomeWork.Multithread\HomeWork.Multithread.csproj", "{2CDF50A3-45E5-4BA2-9611-DF5031FD1FE8}"
EndProject
Project("{FAE04EC0-301F-11D3-BF4B-00C04F79EFBC}") = "HomeWork.Prototype", "HomeWork.Prototype\HomeWork.Prototype.csproj", "{638E0318-D401-48E0-9FB4-11A3034B28A5}"
EndProject
Project("{FAE04EC0-301F-11D3-BF4B-00C04F79EFBC}") = "HomeWork.SOLID", "HomeWork.SOLID\HomeWork.SOLID.csproj", "{D64C31F0-E4FF-4667-943C-776CE3F7A024}"
EndProject
Global
	GlobalSection(SolutionConfigurationPlatforms) = preSolution
		Debug|Any CPU = Debug|Any CPU
		Release|Any CPU = Release|Any CPU
	EndGlobalSection
	GlobalSection(ProjectConfigurationPlatforms) = postSolution
		{4495BAD7-AE49-4A9A-AE8C-5CB19C28B563}.Debug|Any CPU.ActiveCfg = Debug|Any CPU
		{4495BAD7-AE49-4A9A-AE8C-5CB19C28B563}.Debug|Any CPU.Build.0 = Debug|Any CPU
		{4495BAD7-AE49-4A9A-AE8C-5CB19C28B563}.Release|Any CPU.ActiveCfg = Release|Any CPU
		{4495BAD7-AE49-4A9A-AE8C-5CB19C28B563}.Release|Any CPU.Build.0 = Release|Any CPU
		{2CDF50A3-45E5-4BA2-9611-DF5031FD1FE8}.Debug|Any CPU.ActiveCfg = Debug|Any CPU
		{2CDF50A3-45E5-4BA2-9611-DF5031FD1FE8}.Debug|Any CPU.Build.0 = Debug|Any CPU
		{2CDF50A3-45E5-4BA2-9611-DF5031FD1FE8}.Release|Any CPU.ActiveCfg = Release|Any CPU
		{2CDF50A3-45E5-4BA2-9611-DF5031FD1FE8}.Release|Any CPU.Build.0 = Release|Any CPU
		{638E0318-D401-48E0-9FB4-11A3034B28A5}.Debug|Any CPU.ActiveCfg = Debug|Any CPU
		{638E0318-D401-48E0-9FB4-11A3034B28A5}.Debug|Any CPU.Build.0 = Debug|Any CPU
		{638E0318-D401-48E0-9FB4-11A3034B28A5}.Release|Any CPU.ActiveCfg = Release|Any CPU
		{638E0318-D401-48E0-9FB4-11A3034B28A5}.Release|Any CPU.Build.0 = Release|Any CPU
		{D64C31F0-E4FF-4667-943C-776CE3F7A024}.Debug|Any CPU.ActiveCfg = Debug|Any CPU
		{D64C31F0-E4FF-4667-943C-776CE3F7A024}.Debug|Any CPU.Build.0 = Debug|Any CPU
		{D64C31F0-E4FF-4667-943C-776CE3F7A024}.Release|Any CPU.ActiveCfg = Release|Any CPU
		{D64C31F0-E4FF-4667-943C-776CE3F7A024}.Release|Any CPU.Build.0 = Release|Any CPU
	EndGlobalSection
	GlobalSection(SolutionProperties) = preSolution
		HideSolutionNode = FALSE
	EndGlobalSection
	GlobalSection(ExtensibilityGlobals) = postSolution
		SolutionGuid = {9BBE24EA-0996-4C9F-A772-BE935A510AFC}
	EndGlobalSection
EndGlobal
